// !$*UTF8*$!
{
	archiveVersion = 1;
	classes = {
	};
	objectVersion = 77;
	objects = {

/* Begin PBXBuildFile section */
		EF0DF1562CDB40A700292F5A /* Exportv2.mp3 in Resources */ = {isa = PBXBuildFile; fileRef = EF0DF1552CDB40A700292F5A /* Exportv2.mp3 */; };
		EF0DF1582CDB40BC00292F5A /* newBeatTimes.csv in Resources */ = {isa = PBXBuildFile; fileRef = EF0DF1572CDB40BC00292F5A /* newBeatTimes.csv */; };
		EF0DF15A2CDB42A200292F5A /* Witoutriggerv2.mp3 in Resources */ = {isa = PBXBuildFile; fileRef = EF0DF1592CDB42A200292F5A /* Witoutriggerv2.mp3 */; };
		EF31BCA12CD93F870032D2E2 /* NSScoreNode.swift in Sources */ = {isa = PBXBuildFile; fileRef = EF31BCA02CD93F870032D2E2 /* NSScoreNode.swift */; };
		EF428FB32CD74F9A0025F13C /* song1Beats.csv in Resources */ = {isa = PBXBuildFile; fileRef = EF428FB22CD74F9A0025F13C /* song1Beats.csv */; };
		EF60950A2CDD933C0099A221 /* Exportv3.m4a in Resources */ = {isa = PBXBuildFile; fileRef = EF6095092CDD933C0099A221 /* Exportv3.m4a */; };
		EF60950C2CDD935D0099A221 /* 3TimeStamps.csv in Resources */ = {isa = PBXBuildFile; fileRef = EF60950B2CDD935D0099A221 /* 3TimeStamps.csv */; };
		EF6095102CDD94A70099A221 /* Witoutriggerv3.mp3 in Resources */ = {isa = PBXBuildFile; fileRef = EF60950F2CDD94A70099A221 /* Witoutriggerv3.mp3 */; };
		EF767CAF2CD364AD00019BE2 /* AudioKit in Frameworks */ = {isa = PBXBuildFile; productRef = EF767CAE2CD364AD00019BE2 /* AudioKit */; };
		EF767CB12CD364E000019BE2 /* AudioKit in Frameworks */ = {isa = PBXBuildFile; productRef = EF767CB02CD364E000019BE2 /* AudioKit */; };
		EF767CB42CD3CDB100019BE2 /* AudioKitEX in Frameworks */ = {isa = PBXBuildFile; productRef = EF767CB32CD3CDB100019BE2 /* AudioKitEX */; };
		EF767CB72CD3CFF700019BE2 /* SoundpipeAudioKit in Frameworks */ = {isa = PBXBuildFile; productRef = EF767CB62CD3CFF700019BE2 /* SoundpipeAudioKit */; };
		EF83D2C82CC9D14000ED75BF /* NSGameInfo.swift in Sources */ = {isa = PBXBuildFile; fileRef = EF83D2C72CC9D14000ED75BF /* NSGameInfo.swift */; };
		EF83D2CA2CC9D17700ED75BF /* NSLayoutInfo.swift in Sources */ = {isa = PBXBuildFile; fileRef = EF83D2C92CC9D17700ED75BF /* NSLayoutInfo.swift */; };
		EF83D2CC2CC9D1BF00ED75BF /* NSGameContext.swift in Sources */ = {isa = PBXBuildFile; fileRef = EF83D2CB2CC9D1BF00ED75BF /* NSGameContext.swift */; };
		EF83D2CE2CC9D22300ED75BF /* NSGameScene.swift in Sources */ = {isa = PBXBuildFile; fileRef = EF83D2CD2CC9D22300ED75BF /* NSGameScene.swift */; };
		EFA3BD302CD09AD5008A422B /* NSStartState.swift in Sources */ = {isa = PBXBuildFile; fileRef = EFA3BD2F2CD09AD5008A422B /* NSStartState.swift */; };
		EFA3BD322CD09AE3008A422B /* NSPlayingState.swift in Sources */ = {isa = PBXBuildFile; fileRef = EFA3BD312CD09AE3008A422B /* NSPlayingState.swift */; };
		EFA3BD342CD09AEC008A422B /* NSGameOverState.swift in Sources */ = {isa = PBXBuildFile; fileRef = EFA3BD332CD09AEC008A422B /* NSGameOverState.swift */; };
		EFC9149E2CC87869001CAA28 /* Assets.xcassets in Resources */ = {isa = PBXBuildFile; fileRef = EFC9149D2CC87869001CAA28 /* Assets.xcassets */; };
		EFC914C72CC8810F001CAA28 /* GameContext.swift in Sources */ = {isa = PBXBuildFile; fileRef = EFC914C42CC8810F001CAA28 /* GameContext.swift */; };
		EFC914C82CC8810F001CAA28 /* GameModeType.swift in Sources */ = {isa = PBXBuildFile; fileRef = EFC914C52CC8810F001CAA28 /* GameModeType.swift */; };
		EFC914C92CC8810F001CAA28 /* GameType.swift in Sources */ = {isa = PBXBuildFile; fileRef = EFC914C62CC8810F001CAA28 /* GameType.swift */; };
		EFC914CA2CC8810F001CAA28 /* Dependencies.swift in Sources */ = {isa = PBXBuildFile; fileRef = EFC914C32CC8810F001CAA28 /* Dependencies.swift */; };
		EFE554642CDADB6B00404F6B /* PPNeueMontreal-Bold.otf in Resources */ = {isa = PBXBuildFile; fileRef = EFE554632CDADB6B00404F6B /* PPNeueMontreal-Bold.otf */; };
		EFE554662CDADB7600404F6B /* PPNeueMontreal-Book.otf in Resources */ = {isa = PBXBuildFile; fileRef = EFE554652CDADB7600404F6B /* PPNeueMontreal-Book.otf */; };
		EFE554682CDADB7C00404F6B /* PPNeueMontreal-Italic.otf in Resources */ = {isa = PBXBuildFile; fileRef = EFE554672CDADB7C00404F6B /* PPNeueMontreal-Italic.otf */; };
		EFE5546A2CDADB8100404F6B /* PPNeueMontreal-Medium.otf in Resources */ = {isa = PBXBuildFile; fileRef = EFE554692CDADB8100404F6B /* PPNeueMontreal-Medium.otf */; };
		EFE5546C2CDADB8500404F6B /* PPNeueMontreal-SemiBold.ttf in Resources */ = {isa = PBXBuildFile; fileRef = EFE5546B2CDADB8500404F6B /* PPNeueMontreal-SemiBold.ttf */; };
		EFE5546E2CDADB8900404F6B /* PPNeueMontreal-SemiBolditalic.otf in Resources */ = {isa = PBXBuildFile; fileRef = EFE5546D2CDADB8900404F6B /* PPNeueMontreal-SemiBolditalic.otf */; };
		EFE554702CDADB8E00404F6B /* PPNeueMontreal-Thin.otf in Resources */ = {isa = PBXBuildFile; fileRef = EFE5546F2CDADB8E00404F6B /* PPNeueMontreal-Thin.otf */; };
		EFEA85972CDC34A9003D70AE /* NSPlayAgainButtonNode.swift in Sources */ = {isa = PBXBuildFile; fileRef = EFEA85962CDC34A9003D70AE /* NSPlayAgainButtonNode.swift */; };
		EFF5C06E2CD0CAA900F3866E /* NSyncAudio1.mp3 in Resources */ = {isa = PBXBuildFile; fileRef = EFF5C06C2CD0CAA900F3866E /* NSyncAudio1.mp3 */; };
		EFF5C0742CD0D22200F3866E /* Tap Noise.mp3 in Resources */ = {isa = PBXBuildFile; fileRef = EFF5C0732CD0D22200F3866E /* Tap Noise.mp3 */; };
/* End PBXBuildFile section */

/* Begin PBXContainerItemProxy section */
		EFC914A72CC87869001CAA28 /* PBXContainerItemProxy */ = {
			isa = PBXContainerItemProxy;
			containerPortal = EFC9148E2CC87868001CAA28 /* Project object */;
			proxyType = 1;
			remoteGlobalIDString = EFC914952CC87868001CAA28;
			remoteInfo = NSync;
		};
		EFC914B12CC87869001CAA28 /* PBXContainerItemProxy */ = {
			isa = PBXContainerItemProxy;
			containerPortal = EFC9148E2CC87868001CAA28 /* Project object */;
			proxyType = 1;
			remoteGlobalIDString = EFC914952CC87868001CAA28;
			remoteInfo = NSync;
		};
/* End PBXContainerItemProxy section */

/* Begin PBXFileReference section */
		EF0DF1552CDB40A700292F5A /* Exportv2.mp3 */ = {isa = PBXFileReference; lastKnownFileType = audio.mp3; path = Exportv2.mp3; sourceTree = "<group>"; };
		EF0DF1572CDB40BC00292F5A /* newBeatTimes.csv */ = {isa = PBXFileReference; lastKnownFileType = text; path = newBeatTimes.csv; sourceTree = "<group>"; };
		EF0DF1592CDB42A200292F5A /* Witoutriggerv2.mp3 */ = {isa = PBXFileReference; lastKnownFileType = audio.mp3; path = Witoutriggerv2.mp3; sourceTree = "<group>"; };
		EF31BCA02CD93F870032D2E2 /* NSScoreNode.swift */ = {isa = PBXFileReference; lastKnownFileType = sourcecode.swift; path = NSScoreNode.swift; sourceTree = "<group>"; };
		EF428FB22CD74F9A0025F13C /* song1Beats.csv */ = {isa = PBXFileReference; lastKnownFileType = text; path = song1Beats.csv; sourceTree = "<group>"; };
		EF6095092CDD933C0099A221 /* Exportv3.m4a */ = {isa = PBXFileReference; lastKnownFileType = file; path = Exportv3.m4a; sourceTree = "<group>"; };
		EF60950B2CDD935D0099A221 /* 3TimeStamps.csv */ = {isa = PBXFileReference; lastKnownFileType = text; path = 3TimeStamps.csv; sourceTree = "<group>"; };
		EF60950F2CDD94A70099A221 /* Witoutriggerv3.mp3 */ = {isa = PBXFileReference; lastKnownFileType = audio.mp3; path = Witoutriggerv3.mp3; sourceTree = "<group>"; };
		EF83D2C72CC9D14000ED75BF /* NSGameInfo.swift */ = {isa = PBXFileReference; lastKnownFileType = sourcecode.swift; path = NSGameInfo.swift; sourceTree = "<group>"; };
		EF83D2C92CC9D17700ED75BF /* NSLayoutInfo.swift */ = {isa = PBXFileReference; lastKnownFileType = sourcecode.swift; path = NSLayoutInfo.swift; sourceTree = "<group>"; };
		EF83D2CB2CC9D1BF00ED75BF /* NSGameContext.swift */ = {isa = PBXFileReference; lastKnownFileType = sourcecode.swift; path = NSGameContext.swift; sourceTree = "<group>"; };
		EF83D2CD2CC9D22300ED75BF /* NSGameScene.swift */ = {isa = PBXFileReference; lastKnownFileType = sourcecode.swift; path = NSGameScene.swift; sourceTree = "<group>"; };
		EFA3BD2F2CD09AD5008A422B /* NSStartState.swift */ = {isa = PBXFileReference; lastKnownFileType = sourcecode.swift; path = NSStartState.swift; sourceTree = "<group>"; };
		EFA3BD312CD09AE3008A422B /* NSPlayingState.swift */ = {isa = PBXFileReference; lastKnownFileType = sourcecode.swift; path = NSPlayingState.swift; sourceTree = "<group>"; };
		EFA3BD332CD09AEC008A422B /* NSGameOverState.swift */ = {isa = PBXFileReference; lastKnownFileType = sourcecode.swift; path = NSGameOverState.swift; sourceTree = "<group>"; };
		EFC914962CC87868001CAA28 /* NSync.app */ = {isa = PBXFileReference; explicitFileType = wrapper.application; includeInIndex = 0; path = NSync.app; sourceTree = BUILT_PRODUCTS_DIR; };
		EFC9149D2CC87869001CAA28 /* Assets.xcassets */ = {isa = PBXFileReference; lastKnownFileType = folder.assetcatalog; path = Assets.xcassets; sourceTree = "<group>"; };
		EFC914A62CC87869001CAA28 /* NSyncTests.xctest */ = {isa = PBXFileReference; explicitFileType = wrapper.cfbundle; includeInIndex = 0; path = NSyncTests.xctest; sourceTree = BUILT_PRODUCTS_DIR; };
		EFC914B02CC87869001CAA28 /* NSyncUITests.xctest */ = {isa = PBXFileReference; explicitFileType = wrapper.cfbundle; includeInIndex = 0; path = NSyncUITests.xctest; sourceTree = BUILT_PRODUCTS_DIR; };
		EFC914C32CC8810F001CAA28 /* Dependencies.swift */ = {isa = PBXFileReference; lastKnownFileType = sourcecode.swift; path = Dependencies.swift; sourceTree = "<group>"; };
		EFC914C42CC8810F001CAA28 /* GameContext.swift */ = {isa = PBXFileReference; lastKnownFileType = sourcecode.swift; path = GameContext.swift; sourceTree = "<group>"; };
		EFC914C52CC8810F001CAA28 /* GameModeType.swift */ = {isa = PBXFileReference; lastKnownFileType = sourcecode.swift; path = GameModeType.swift; sourceTree = "<group>"; };
		EFC914C62CC8810F001CAA28 /* GameType.swift */ = {isa = PBXFileReference; lastKnownFileType = sourcecode.swift; path = GameType.swift; sourceTree = "<group>"; };
		EFE554632CDADB6B00404F6B /* PPNeueMontreal-Bold.otf */ = {isa = PBXFileReference; lastKnownFileType = file; path = "PPNeueMontreal-Bold.otf"; sourceTree = "<group>"; };
		EFE554652CDADB7600404F6B /* PPNeueMontreal-Book.otf */ = {isa = PBXFileReference; lastKnownFileType = file; path = "PPNeueMontreal-Book.otf"; sourceTree = "<group>"; };
		EFE554672CDADB7C00404F6B /* PPNeueMontreal-Italic.otf */ = {isa = PBXFileReference; lastKnownFileType = file; path = "PPNeueMontreal-Italic.otf"; sourceTree = "<group>"; };
		EFE554692CDADB8100404F6B /* PPNeueMontreal-Medium.otf */ = {isa = PBXFileReference; lastKnownFileType = file; path = "PPNeueMontreal-Medium.otf"; sourceTree = "<group>"; };
		EFE5546B2CDADB8500404F6B /* PPNeueMontreal-SemiBold.ttf */ = {isa = PBXFileReference; lastKnownFileType = file; path = "PPNeueMontreal-SemiBold.ttf"; sourceTree = "<group>"; };
		EFE5546D2CDADB8900404F6B /* PPNeueMontreal-SemiBolditalic.otf */ = {isa = PBXFileReference; lastKnownFileType = file; path = "PPNeueMontreal-SemiBolditalic.otf"; sourceTree = "<group>"; };
		EFE5546F2CDADB8E00404F6B /* PPNeueMontreal-Thin.otf */ = {isa = PBXFileReference; lastKnownFileType = file; path = "PPNeueMontreal-Thin.otf"; sourceTree = "<group>"; };
		EFEA85962CDC34A9003D70AE /* NSPlayAgainButtonNode.swift */ = {isa = PBXFileReference; lastKnownFileType = sourcecode.swift; path = NSPlayAgainButtonNode.swift; sourceTree = "<group>"; };
		EFF5C06C2CD0CAA900F3866E /* NSyncAudio1.mp3 */ = {isa = PBXFileReference; lastKnownFileType = audio.mp3; path = NSyncAudio1.mp3; sourceTree = "<group>"; };
		EFF5C0732CD0D22200F3866E /* Tap Noise.mp3 */ = {isa = PBXFileReference; lastKnownFileType = audio.mp3; path = "Tap Noise.mp3"; sourceTree = "<group>"; };
/* End PBXFileReference section */

/* Begin PBXFileSystemSynchronizedRootGroup section */
		EFC914982CC87868001CAA28 /* NSync */ = {
			isa = PBXFileSystemSynchronizedRootGroup;
			path = NSync;
			sourceTree = "<group>";
		};
		EFC914A92CC87869001CAA28 /* NSyncTests */ = {
			isa = PBXFileSystemSynchronizedRootGroup;
			path = NSyncTests;
			sourceTree = "<group>";
		};
		EFC914B32CC87869001CAA28 /* NSyncUITests */ = {
			isa = PBXFileSystemSynchronizedRootGroup;
			path = NSyncUITests;
			sourceTree = "<group>";
		};
/* End PBXFileSystemSynchronizedRootGroup section */

/* Begin PBXFrameworksBuildPhase section */
		EFC914932CC87868001CAA28 /* Frameworks */ = {
			isa = PBXFrameworksBuildPhase;
			buildActionMask = 2147483647;
			files = (
				EF767CB42CD3CDB100019BE2 /* AudioKitEX in Frameworks */,
				EF767CB12CD364E000019BE2 /* AudioKit in Frameworks */,
				EF767CB72CD3CFF700019BE2 /* SoundpipeAudioKit in Frameworks */,
				EF767CAF2CD364AD00019BE2 /* AudioKit in Frameworks */,
			);
			runOnlyForDeploymentPostprocessing = 0;
		};
		EFC914A32CC87869001CAA28 /* Frameworks */ = {
			isa = PBXFrameworksBuildPhase;
			buildActionMask = 2147483647;
			files = (
			);
			runOnlyForDeploymentPostprocessing = 0;
		};
		EFC914AD2CC87869001CAA28 /* Frameworks */ = {
			isa = PBXFrameworksBuildPhase;
			buildActionMask = 2147483647;
			files = (
			);
			runOnlyForDeploymentPostprocessing = 0;
		};
/* End PBXFrameworksBuildPhase section */

/* Begin PBXGroup section */
		EF83D2C32CC9D0F400ED75BF /* States */ = {
			isa = PBXGroup;
			children = (
				EFA3BD2F2CD09AD5008A422B /* NSStartState.swift */,
				EFA3BD312CD09AE3008A422B /* NSPlayingState.swift */,
				EFA3BD332CD09AEC008A422B /* NSGameOverState.swift */,
			);
			path = States;
			sourceTree = "<group>";
		};
		EF83D2C42CC9D0FA00ED75BF /* Nodes */ = {
			isa = PBXGroup;
			children = (
				EF31BCA02CD93F870032D2E2 /* NSScoreNode.swift */,
				EFEA85962CDC34A9003D70AE /* NSPlayAgainButtonNode.swift */,
			);
			path = Nodes;
			sourceTree = "<group>";
		};
		EF83D2C52CC9D10200ED75BF /* Models */ = {
			isa = PBXGroup;
			children = (
			);
			path = Models;
			sourceTree = "<group>";
		};
		EF83D2C62CC9D10800ED75BF /* Helpers */ = {
			isa = PBXGroup;
			children = (
				EF83D2C72CC9D14000ED75BF /* NSGameInfo.swift */,
				EF83D2C92CC9D17700ED75BF /* NSLayoutInfo.swift */,
			);
			path = Helpers;
			sourceTree = "<group>";
		};
		EFC9148D2CC87868001CAA28 = {
			isa = PBXGroup;
			children = (
				EFF5C06D2CD0CAA900F3866E /* Sounds */,
				EFC914CD2CC88157001CAA28 /* Base */,
				EFC914CC2CC88145001CAA28 /* Assets */,
				EFC914CB2CC88139001CAA28 /* Code */,
				EFC914982CC87868001CAA28 /* NSync */,
				EFC914A92CC87869001CAA28 /* NSyncTests */,
				EFC914B32CC87869001CAA28 /* NSyncUITests */,
				EFC914972CC87868001CAA28 /* Products */,
			);
			sourceTree = "<group>";
		};
		EFC914972CC87868001CAA28 /* Products */ = {
			isa = PBXGroup;
			children = (
				EFC914962CC87868001CAA28 /* NSync.app */,
				EFC914A62CC87869001CAA28 /* NSyncTests.xctest */,
				EFC914B02CC87869001CAA28 /* NSyncUITests.xctest */,
			);
			name = Products;
			sourceTree = "<group>";
		};
		EFC914CB2CC88139001CAA28 /* Code */ = {
			isa = PBXGroup;
			children = (
				EF83D2C62CC9D10800ED75BF /* Helpers */,
				EF83D2C52CC9D10200ED75BF /* Models */,
				EF83D2C42CC9D0FA00ED75BF /* Nodes */,
				EF83D2C32CC9D0F400ED75BF /* States */,
				EF83D2CB2CC9D1BF00ED75BF /* NSGameContext.swift */,
				EF83D2CD2CC9D22300ED75BF /* NSGameScene.swift */,
			);
			path = Code;
			sourceTree = "<group>";
		};
		EFC914CC2CC88145001CAA28 /* Assets */ = {
			isa = PBXGroup;
			children = (
				EFE554622CDADB5A00404F6B /* Fonts */,
				EFC9149D2CC87869001CAA28 /* Assets.xcassets */,
			);
			path = Assets;
			sourceTree = "<group>";
		};
		EFC914CD2CC88157001CAA28 /* Base */ = {
			isa = PBXGroup;
			children = (
				EFC914C32CC8810F001CAA28 /* Dependencies.swift */,
				EFC914C42CC8810F001CAA28 /* GameContext.swift */,
				EFC914C52CC8810F001CAA28 /* GameModeType.swift */,
				EFC914C62CC8810F001CAA28 /* GameType.swift */,
			);
			path = Base;
			sourceTree = "<group>";
		};
		EFE554622CDADB5A00404F6B /* Fonts */ = {
			isa = PBXGroup;
			children = (
				EFE554632CDADB6B00404F6B /* PPNeueMontreal-Bold.otf */,
				EFE5546F2CDADB8E00404F6B /* PPNeueMontreal-Thin.otf */,
				EFE5546B2CDADB8500404F6B /* PPNeueMontreal-SemiBold.ttf */,
				EFE5546D2CDADB8900404F6B /* PPNeueMontreal-SemiBolditalic.otf */,
				EFE554652CDADB7600404F6B /* PPNeueMontreal-Book.otf */,
				EFE554672CDADB7C00404F6B /* PPNeueMontreal-Italic.otf */,
				EFE554692CDADB8100404F6B /* PPNeueMontreal-Medium.otf */,
			);
			path = Fonts;
			sourceTree = "<group>";
		};
		EFF5C06D2CD0CAA900F3866E /* Sounds */ = {
			isa = PBXGroup;
			children = (
				EF428FB22CD74F9A0025F13C /* song1Beats.csv */,
				EF0DF1572CDB40BC00292F5A /* newBeatTimes.csv */,
				EF60950B2CDD935D0099A221 /* 3TimeStamps.csv */,
				EFF5C0732CD0D22200F3866E /* Tap Noise.mp3 */,
				EF0DF1592CDB42A200292F5A /* Witoutriggerv2.mp3 */,
				EF60950F2CDD94A70099A221 /* Witoutriggerv3.mp3 */,
				EF0DF1552CDB40A700292F5A /* Exportv2.mp3 */,
				EF6095092CDD933C0099A221 /* Exportv3.m4a */,
				EFF5C06C2CD0CAA900F3866E /* NSyncAudio1.mp3 */,
			);
			path = Sounds;
			sourceTree = "<group>";
		};
/* End PBXGroup section */

/* Begin PBXNativeTarget section */
		EFC914952CC87868001CAA28 /* NSync */ = {
			isa = PBXNativeTarget;
			buildConfigurationList = EFC914BA2CC87869001CAA28 /* Build configuration list for PBXNativeTarget "NSync" */;
			buildPhases = (
				EFC914922CC87868001CAA28 /* Sources */,
				EFC914932CC87868001CAA28 /* Frameworks */,
				EFC914942CC87868001CAA28 /* Resources */,
			);
			buildRules = (
			);
			dependencies = (
			);
			fileSystemSynchronizedGroups = (
				EFC914982CC87868001CAA28 /* NSync */,
			);
			name = NSync;
			packageProductDependencies = (
				EF767CAE2CD364AD00019BE2 /* AudioKit */,
				EF767CB02CD364E000019BE2 /* AudioKit */,
				EF767CB32CD3CDB100019BE2 /* AudioKitEX */,
				EF767CB62CD3CFF700019BE2 /* SoundpipeAudioKit */,
			);
			productName = NSync;
			productReference = EFC914962CC87868001CAA28 /* NSync.app */;
			productType = "com.apple.product-type.application";
		};
		EFC914A52CC87869001CAA28 /* NSyncTests */ = {
			isa = PBXNativeTarget;
			buildConfigurationList = EFC914BD2CC87869001CAA28 /* Build configuration list for PBXNativeTarget "NSyncTests" */;
			buildPhases = (
				EFC914A22CC87869001CAA28 /* Sources */,
				EFC914A32CC87869001CAA28 /* Frameworks */,
				EFC914A42CC87869001CAA28 /* Resources */,
			);
			buildRules = (
			);
			dependencies = (
				EFC914A82CC87869001CAA28 /* PBXTargetDependency */,
			);
			fileSystemSynchronizedGroups = (
				EFC914A92CC87869001CAA28 /* NSyncTests */,
			);
			name = NSyncTests;
			packageProductDependencies = (
			);
			productName = NSyncTests;
			productReference = EFC914A62CC87869001CAA28 /* NSyncTests.xctest */;
			productType = "com.apple.product-type.bundle.unit-test";
		};
		EFC914AF2CC87869001CAA28 /* NSyncUITests */ = {
			isa = PBXNativeTarget;
			buildConfigurationList = EFC914C02CC87869001CAA28 /* Build configuration list for PBXNativeTarget "NSyncUITests" */;
			buildPhases = (
				EFC914AC2CC87869001CAA28 /* Sources */,
				EFC914AD2CC87869001CAA28 /* Frameworks */,
				EFC914AE2CC87869001CAA28 /* Resources */,
			);
			buildRules = (
			);
			dependencies = (
				EFC914B22CC87869001CAA28 /* PBXTargetDependency */,
			);
			fileSystemSynchronizedGroups = (
				EFC914B32CC87869001CAA28 /* NSyncUITests */,
			);
			name = NSyncUITests;
			packageProductDependencies = (
			);
			productName = NSyncUITests;
			productReference = EFC914B02CC87869001CAA28 /* NSyncUITests.xctest */;
			productType = "com.apple.product-type.bundle.ui-testing";
		};
/* End PBXNativeTarget section */

/* Begin PBXProject section */
		EFC9148E2CC87868001CAA28 /* Project object */ = {
			isa = PBXProject;
			attributes = {
				BuildIndependentTargetsInParallel = 1;
				LastSwiftUpdateCheck = 1600;
				LastUpgradeCheck = 1600;
				TargetAttributes = {
					EFC914952CC87868001CAA28 = {
						CreatedOnToolsVersion = 16.0;
					};
					EFC914A52CC87869001CAA28 = {
						CreatedOnToolsVersion = 16.0;
						TestTargetID = EFC914952CC87868001CAA28;
					};
					EFC914AF2CC87869001CAA28 = {
						CreatedOnToolsVersion = 16.0;
						TestTargetID = EFC914952CC87868001CAA28;
					};
				};
			};
			buildConfigurationList = EFC914912CC87868001CAA28 /* Build configuration list for PBXProject "NSync" */;
			developmentRegion = en;
			hasScannedForEncodings = 0;
			knownRegions = (
				en,
				Base,
			);
			mainGroup = EFC9148D2CC87868001CAA28;
			minimizedProjectReferenceProxies = 1;
			packageReferences = (
				EF767CAD2CD3640400019BE2 /* XCRemoteSwiftPackageReference "AudioKit" */,
				EF767CB22CD3CDB100019BE2 /* XCRemoteSwiftPackageReference "AudioKitEX" */,
				EF767CB52CD3CFF700019BE2 /* XCRemoteSwiftPackageReference "SoundpipeAudioKit" */,
			);
			preferredProjectObjectVersion = 77;
			productRefGroup = EFC914972CC87868001CAA28 /* Products */;
			projectDirPath = "";
			projectRoot = "";
			targets = (
				EFC914952CC87868001CAA28 /* NSync */,
				EFC914A52CC87869001CAA28 /* NSyncTests */,
				EFC914AF2CC87869001CAA28 /* NSyncUITests */,
			);
		};
/* End PBXProject section */

/* Begin PBXResourcesBuildPhase section */
		EFC914942CC87868001CAA28 /* Resources */ = {
			isa = PBXResourcesBuildPhase;
			buildActionMask = 2147483647;
			files = (
				EF0DF15A2CDB42A200292F5A /* Witoutriggerv2.mp3 in Resources */,
				EFE5546A2CDADB8100404F6B /* PPNeueMontreal-Medium.otf in Resources */,
				EFE554702CDADB8E00404F6B /* PPNeueMontreal-Thin.otf in Resources */,
				EF60950C2CDD935D0099A221 /* 3TimeStamps.csv in Resources */,
				EF0DF1582CDB40BC00292F5A /* newBeatTimes.csv in Resources */,
				EFF5C06E2CD0CAA900F3866E /* NSyncAudio1.mp3 in Resources */,
				EFE5546C2CDADB8500404F6B /* PPNeueMontreal-SemiBold.ttf in Resources */,
				EFE554642CDADB6B00404F6B /* PPNeueMontreal-Bold.otf in Resources */,
				EF60950A2CDD933C0099A221 /* Exportv3.m4a in Resources */,
				EFE554682CDADB7C00404F6B /* PPNeueMontreal-Italic.otf in Resources */,
				EF0DF1562CDB40A700292F5A /* Exportv2.mp3 in Resources */,
				EFF5C0742CD0D22200F3866E /* Tap Noise.mp3 in Resources */,
				EF428FB32CD74F9A0025F13C /* song1Beats.csv in Resources */,
				EFE554662CDADB7600404F6B /* PPNeueMontreal-Book.otf in Resources */,
				EFC9149E2CC87869001CAA28 /* Assets.xcassets in Resources */,
				EFE5546E2CDADB8900404F6B /* PPNeueMontreal-SemiBolditalic.otf in Resources */,
				EF6095102CDD94A70099A221 /* Witoutriggerv3.mp3 in Resources */,
			);
			runOnlyForDeploymentPostprocessing = 0;
		};
		EFC914A42CC87869001CAA28 /* Resources */ = {
			isa = PBXResourcesBuildPhase;
			buildActionMask = 2147483647;
			files = (
			);
			runOnlyForDeploymentPostprocessing = 0;
		};
		EFC914AE2CC87869001CAA28 /* Resources */ = {
			isa = PBXResourcesBuildPhase;
			buildActionMask = 2147483647;
			files = (
			);
			runOnlyForDeploymentPostprocessing = 0;
		};
/* End PBXResourcesBuildPhase section */

/* Begin PBXSourcesBuildPhase section */
		EFC914922CC87868001CAA28 /* Sources */ = {
			isa = PBXSourcesBuildPhase;
			buildActionMask = 2147483647;
			files = (
				EF83D2CA2CC9D17700ED75BF /* NSLayoutInfo.swift in Sources */,
				EF83D2CC2CC9D1BF00ED75BF /* NSGameContext.swift in Sources */,
				EF83D2C82CC9D14000ED75BF /* NSGameInfo.swift in Sources */,
				EFA3BD302CD09AD5008A422B /* NSStartState.swift in Sources */,
				EFC914C72CC8810F001CAA28 /* GameContext.swift in Sources */,
				EFA3BD342CD09AEC008A422B /* NSGameOverState.swift in Sources */,
				EFA3BD322CD09AE3008A422B /* NSPlayingState.swift in Sources */,
				EFEA85972CDC34A9003D70AE /* NSPlayAgainButtonNode.swift in Sources */,
				EFC914C82CC8810F001CAA28 /* GameModeType.swift in Sources */,
				EFC914C92CC8810F001CAA28 /* GameType.swift in Sources */,
				EFC914CA2CC8810F001CAA28 /* Dependencies.swift in Sources */,
				EF83D2CE2CC9D22300ED75BF /* NSGameScene.swift in Sources */,
				EF31BCA12CD93F870032D2E2 /* NSScoreNode.swift in Sources */,
			);
			runOnlyForDeploymentPostprocessing = 0;
		};
		EFC914A22CC87869001CAA28 /* Sources */ = {
			isa = PBXSourcesBuildPhase;
			buildActionMask = 2147483647;
			files = (
			);
			runOnlyForDeploymentPostprocessing = 0;
		};
		EFC914AC2CC87869001CAA28 /* Sources */ = {
			isa = PBXSourcesBuildPhase;
			buildActionMask = 2147483647;
			files = (
			);
			runOnlyForDeploymentPostprocessing = 0;
		};
/* End PBXSourcesBuildPhase section */

/* Begin PBXTargetDependency section */
		EFC914A82CC87869001CAA28 /* PBXTargetDependency */ = {
			isa = PBXTargetDependency;
			target = EFC914952CC87868001CAA28 /* NSync */;
			targetProxy = EFC914A72CC87869001CAA28 /* PBXContainerItemProxy */;
		};
		EFC914B22CC87869001CAA28 /* PBXTargetDependency */ = {
			isa = PBXTargetDependency;
			target = EFC914952CC87868001CAA28 /* NSync */;
			targetProxy = EFC914B12CC87869001CAA28 /* PBXContainerItemProxy */;
		};
/* End PBXTargetDependency section */

/* Begin XCBuildConfiguration section */
		EFC914B82CC87869001CAA28 /* Debug */ = {
			isa = XCBuildConfiguration;
			buildSettings = {
				ALWAYS_SEARCH_USER_PATHS = NO;
				ASSETCATALOG_COMPILER_GENERATE_SWIFT_ASSET_SYMBOL_EXTENSIONS = YES;
				CLANG_ANALYZER_NONNULL = YES;
				CLANG_ANALYZER_NUMBER_OBJECT_CONVERSION = YES_AGGRESSIVE;
				CLANG_CXX_LANGUAGE_STANDARD = "gnu++20";
				CLANG_ENABLE_MODULES = YES;
				CLANG_ENABLE_OBJC_ARC = YES;
				CLANG_ENABLE_OBJC_WEAK = YES;
				CLANG_WARN_BLOCK_CAPTURE_AUTORELEASING = YES;
				CLANG_WARN_BOOL_CONVERSION = YES;
				CLANG_WARN_COMMA = YES;
				CLANG_WARN_CONSTANT_CONVERSION = YES;
				CLANG_WARN_DEPRECATED_OBJC_IMPLEMENTATIONS = YES;
				CLANG_WARN_DIRECT_OBJC_ISA_USAGE = YES_ERROR;
				CLANG_WARN_DOCUMENTATION_COMMENTS = YES;
				CLANG_WARN_EMPTY_BODY = YES;
				CLANG_WARN_ENUM_CONVERSION = YES;
				CLANG_WARN_INFINITE_RECURSION = YES;
				CLANG_WARN_INT_CONVERSION = YES;
				CLANG_WARN_NON_LITERAL_NULL_CONVERSION = YES;
				CLANG_WARN_OBJC_IMPLICIT_RETAIN_SELF = YES;
				CLANG_WARN_OBJC_LITERAL_CONVERSION = YES;
				CLANG_WARN_OBJC_ROOT_CLASS = YES_ERROR;
				CLANG_WARN_QUOTED_INCLUDE_IN_FRAMEWORK_HEADER = YES;
				CLANG_WARN_RANGE_LOOP_ANALYSIS = YES;
				CLANG_WARN_STRICT_PROTOTYPES = YES;
				CLANG_WARN_SUSPICIOUS_MOVE = YES;
				CLANG_WARN_UNGUARDED_AVAILABILITY = YES_AGGRESSIVE;
				CLANG_WARN_UNREACHABLE_CODE = YES;
				CLANG_WARN__DUPLICATE_METHOD_MATCH = YES;
				COPY_PHASE_STRIP = NO;
				DEBUG_INFORMATION_FORMAT = dwarf;
				ENABLE_STRICT_OBJC_MSGSEND = YES;
				ENABLE_TESTABILITY = YES;
				ENABLE_USER_SCRIPT_SANDBOXING = YES;
				GCC_C_LANGUAGE_STANDARD = gnu17;
				GCC_DYNAMIC_NO_PIC = NO;
				GCC_NO_COMMON_BLOCKS = YES;
				GCC_OPTIMIZATION_LEVEL = 0;
				GCC_PREPROCESSOR_DEFINITIONS = (
					"DEBUG=1",
					"$(inherited)",
				);
				GCC_WARN_64_TO_32_BIT_CONVERSION = YES;
				GCC_WARN_ABOUT_RETURN_TYPE = YES_ERROR;
				GCC_WARN_UNDECLARED_SELECTOR = YES;
				GCC_WARN_UNINITIALIZED_AUTOS = YES_AGGRESSIVE;
				GCC_WARN_UNUSED_FUNCTION = YES;
				GCC_WARN_UNUSED_VARIABLE = YES;
				IPHONEOS_DEPLOYMENT_TARGET = 18.0;
				LOCALIZATION_PREFERS_STRING_CATALOGS = YES;
				MTL_ENABLE_DEBUG_INFO = INCLUDE_SOURCE;
				MTL_FAST_MATH = YES;
				ONLY_ACTIVE_ARCH = YES;
				SDKROOT = iphoneos;
				SWIFT_ACTIVE_COMPILATION_CONDITIONS = "DEBUG $(inherited)";
				SWIFT_OPTIMIZATION_LEVEL = "-Onone";
			};
			name = Debug;
		};
		EFC914B92CC87869001CAA28 /* Release */ = {
			isa = XCBuildConfiguration;
			buildSettings = {
				ALWAYS_SEARCH_USER_PATHS = NO;
				ASSETCATALOG_COMPILER_GENERATE_SWIFT_ASSET_SYMBOL_EXTENSIONS = YES;
				CLANG_ANALYZER_NONNULL = YES;
				CLANG_ANALYZER_NUMBER_OBJECT_CONVERSION = YES_AGGRESSIVE;
				CLANG_CXX_LANGUAGE_STANDARD = "gnu++20";
				CLANG_ENABLE_MODULES = YES;
				CLANG_ENABLE_OBJC_ARC = YES;
				CLANG_ENABLE_OBJC_WEAK = YES;
				CLANG_WARN_BLOCK_CAPTURE_AUTORELEASING = YES;
				CLANG_WARN_BOOL_CONVERSION = YES;
				CLANG_WARN_COMMA = YES;
				CLANG_WARN_CONSTANT_CONVERSION = YES;
				CLANG_WARN_DEPRECATED_OBJC_IMPLEMENTATIONS = YES;
				CLANG_WARN_DIRECT_OBJC_ISA_USAGE = YES_ERROR;
				CLANG_WARN_DOCUMENTATION_COMMENTS = YES;
				CLANG_WARN_EMPTY_BODY = YES;
				CLANG_WARN_ENUM_CONVERSION = YES;
				CLANG_WARN_INFINITE_RECURSION = YES;
				CLANG_WARN_INT_CONVERSION = YES;
				CLANG_WARN_NON_LITERAL_NULL_CONVERSION = YES;
				CLANG_WARN_OBJC_IMPLICIT_RETAIN_SELF = YES;
				CLANG_WARN_OBJC_LITERAL_CONVERSION = YES;
				CLANG_WARN_OBJC_ROOT_CLASS = YES_ERROR;
				CLANG_WARN_QUOTED_INCLUDE_IN_FRAMEWORK_HEADER = YES;
				CLANG_WARN_RANGE_LOOP_ANALYSIS = YES;
				CLANG_WARN_STRICT_PROTOTYPES = YES;
				CLANG_WARN_SUSPICIOUS_MOVE = YES;
				CLANG_WARN_UNGUARDED_AVAILABILITY = YES_AGGRESSIVE;
				CLANG_WARN_UNREACHABLE_CODE = YES;
				CLANG_WARN__DUPLICATE_METHOD_MATCH = YES;
				COPY_PHASE_STRIP = NO;
				DEBUG_INFORMATION_FORMAT = "dwarf-with-dsym";
				ENABLE_NS_ASSERTIONS = NO;
				ENABLE_STRICT_OBJC_MSGSEND = YES;
				ENABLE_USER_SCRIPT_SANDBOXING = YES;
				GCC_C_LANGUAGE_STANDARD = gnu17;
				GCC_NO_COMMON_BLOCKS = YES;
				GCC_WARN_64_TO_32_BIT_CONVERSION = YES;
				GCC_WARN_ABOUT_RETURN_TYPE = YES_ERROR;
				GCC_WARN_UNDECLARED_SELECTOR = YES;
				GCC_WARN_UNINITIALIZED_AUTOS = YES_AGGRESSIVE;
				GCC_WARN_UNUSED_FUNCTION = YES;
				GCC_WARN_UNUSED_VARIABLE = YES;
				IPHONEOS_DEPLOYMENT_TARGET = 18.0;
				LOCALIZATION_PREFERS_STRING_CATALOGS = YES;
				MTL_ENABLE_DEBUG_INFO = NO;
				MTL_FAST_MATH = YES;
				SDKROOT = iphoneos;
				SWIFT_COMPILATION_MODE = wholemodule;
				VALIDATE_PRODUCT = YES;
			};
			name = Release;
		};
		EFC914BB2CC87869001CAA28 /* Debug */ = {
			isa = XCBuildConfiguration;
			buildSettings = {
				ASSETCATALOG_COMPILER_APPICON_NAME = AppIcon;
				ASSETCATALOG_COMPILER_GLOBAL_ACCENT_COLOR_NAME = AccentColor;
				CODE_SIGN_STYLE = Automatic;
				CURRENT_PROJECT_VERSION = 1;
				DEVELOPMENT_ASSET_PATHS = "\"NSync/Preview Content\"";
				ENABLE_PREVIEWS = YES;
				GENERATE_INFOPLIST_FILE = YES;
				INFOPLIST_KEY_UIApplicationSceneManifest_Generation = YES;
				INFOPLIST_KEY_UIApplicationSupportsIndirectInputEvents = YES;
				INFOPLIST_KEY_UILaunchScreen_Generation = YES;
				INFOPLIST_KEY_UISupportedInterfaceOrientations_iPad = "UIInterfaceOrientationPortrait UIInterfaceOrientationPortraitUpsideDown UIInterfaceOrientationLandscapeLeft UIInterfaceOrientationLandscapeRight";
				INFOPLIST_KEY_UISupportedInterfaceOrientations_iPhone = "UIInterfaceOrientationPortrait UIInterfaceOrientationLandscapeLeft UIInterfaceOrientationLandscapeRight";
				LD_RUNPATH_SEARCH_PATHS = (
					"$(inherited)",
					"@executable_path/Frameworks",
				);
				MARKETING_VERSION = 1.0;
				PRODUCT_BUNDLE_IDENTIFIER = HYEL.NSync;
				PRODUCT_NAME = "$(TARGET_NAME)";
				SWIFT_EMIT_LOC_STRINGS = YES;
				SWIFT_VERSION = 5.0;
				TARGETED_DEVICE_FAMILY = "1,2";
			};
			name = Debug;
		};
		EFC914BC2CC87869001CAA28 /* Release */ = {
			isa = XCBuildConfiguration;
			buildSettings = {
				ASSETCATALOG_COMPILER_APPICON_NAME = AppIcon;
				ASSETCATALOG_COMPILER_GLOBAL_ACCENT_COLOR_NAME = AccentColor;
				CODE_SIGN_STYLE = Automatic;
				CURRENT_PROJECT_VERSION = 1;
				DEVELOPMENT_ASSET_PATHS = "\"NSync/Preview Content\"";
				ENABLE_PREVIEWS = YES;
				GENERATE_INFOPLIST_FILE = YES;
				INFOPLIST_KEY_UIApplicationSceneManifest_Generation = YES;
				INFOPLIST_KEY_UIApplicationSupportsIndirectInputEvents = YES;
				INFOPLIST_KEY_UILaunchScreen_Generation = YES;
				INFOPLIST_KEY_UISupportedInterfaceOrientations_iPad = "UIInterfaceOrientationPortrait UIInterfaceOrientationPortraitUpsideDown UIInterfaceOrientationLandscapeLeft UIInterfaceOrientationLandscapeRight";
				INFOPLIST_KEY_UISupportedInterfaceOrientations_iPhone = "UIInterfaceOrientationPortrait UIInterfaceOrientationLandscapeLeft UIInterfaceOrientationLandscapeRight";
				LD_RUNPATH_SEARCH_PATHS = (
					"$(inherited)",
					"@executable_path/Frameworks",
				);
				MARKETING_VERSION = 1.0;
				PRODUCT_BUNDLE_IDENTIFIER = HYEL.NSync;
				PRODUCT_NAME = "$(TARGET_NAME)";
				SWIFT_EMIT_LOC_STRINGS = YES;
				SWIFT_VERSION = 5.0;
				TARGETED_DEVICE_FAMILY = "1,2";
			};
			name = Release;
		};
		EFC914BE2CC87869001CAA28 /* Debug */ = {
			isa = XCBuildConfiguration;
			buildSettings = {
				BUNDLE_LOADER = "$(TEST_HOST)";
				CODE_SIGN_STYLE = Automatic;
				CURRENT_PROJECT_VERSION = 1;
				GENERATE_INFOPLIST_FILE = YES;
				IPHONEOS_DEPLOYMENT_TARGET = 18.0;
				MARKETING_VERSION = 1.0;
				PRODUCT_BUNDLE_IDENTIFIER = HYEL.NSyncTests;
				PRODUCT_NAME = "$(TARGET_NAME)";
				SWIFT_EMIT_LOC_STRINGS = NO;
				SWIFT_VERSION = 5.0;
				TARGETED_DEVICE_FAMILY = "1,2";
				TEST_HOST = "$(BUILT_PRODUCTS_DIR)/NSync.app/$(BUNDLE_EXECUTABLE_FOLDER_PATH)/NSync";
			};
			name = Debug;
		};
		EFC914BF2CC87869001CAA28 /* Release */ = {
			isa = XCBuildConfiguration;
			buildSettings = {
				BUNDLE_LOADER = "$(TEST_HOST)";
				CODE_SIGN_STYLE = Automatic;
				CURRENT_PROJECT_VERSION = 1;
				GENERATE_INFOPLIST_FILE = YES;
				IPHONEOS_DEPLOYMENT_TARGET = 18.0;
				MARKETING_VERSION = 1.0;
				PRODUCT_BUNDLE_IDENTIFIER = HYEL.NSyncTests;
				PRODUCT_NAME = "$(TARGET_NAME)";
				SWIFT_EMIT_LOC_STRINGS = NO;
				SWIFT_VERSION = 5.0;
				TARGETED_DEVICE_FAMILY = "1,2";
				TEST_HOST = "$(BUILT_PRODUCTS_DIR)/NSync.app/$(BUNDLE_EXECUTABLE_FOLDER_PATH)/NSync";
			};
			name = Release;
		};
		EFC914C12CC87869001CAA28 /* Debug */ = {
			isa = XCBuildConfiguration;
			buildSettings = {
				CODE_SIGN_STYLE = Automatic;
				CURRENT_PROJECT_VERSION = 1;
				GENERATE_INFOPLIST_FILE = YES;
				MARKETING_VERSION = 1.0;
				PRODUCT_BUNDLE_IDENTIFIER = HYEL.NSyncUITests;
				PRODUCT_NAME = "$(TARGET_NAME)";
				SWIFT_EMIT_LOC_STRINGS = NO;
				SWIFT_VERSION = 5.0;
				TARGETED_DEVICE_FAMILY = "1,2";
				TEST_TARGET_NAME = NSync;
			};
			name = Debug;
		};
		EFC914C22CC87869001CAA28 /* Release */ = {
			isa = XCBuildConfiguration;
			buildSettings = {
				CODE_SIGN_STYLE = Automatic;
				CURRENT_PROJECT_VERSION = 1;
				GENERATE_INFOPLIST_FILE = YES;
				MARKETING_VERSION = 1.0;
				PRODUCT_BUNDLE_IDENTIFIER = HYEL.NSyncUITests;
				PRODUCT_NAME = "$(TARGET_NAME)";
				SWIFT_EMIT_LOC_STRINGS = NO;
				SWIFT_VERSION = 5.0;
				TARGETED_DEVICE_FAMILY = "1,2";
				TEST_TARGET_NAME = NSync;
			};
			name = Release;
		};
/* End XCBuildConfiguration section */

/* Begin XCConfigurationList section */
		EFC914912CC87868001CAA28 /* Build configuration list for PBXProject "NSync" */ = {
			isa = XCConfigurationList;
			buildConfigurations = (
				EFC914B82CC87869001CAA28 /* Debug */,
				EFC914B92CC87869001CAA28 /* Release */,
			);
			defaultConfigurationIsVisible = 0;
			defaultConfigurationName = Release;
		};
		EFC914BA2CC87869001CAA28 /* Build configuration list for PBXNativeTarget "NSync" */ = {
			isa = XCConfigurationList;
			buildConfigurations = (
				EFC914BB2CC87869001CAA28 /* Debug */,
				EFC914BC2CC87869001CAA28 /* Release */,
			);
			defaultConfigurationIsVisible = 0;
			defaultConfigurationName = Release;
		};
		EFC914BD2CC87869001CAA28 /* Build configuration list for PBXNativeTarget "NSyncTests" */ = {
			isa = XCConfigurationList;
			buildConfigurations = (
				EFC914BE2CC87869001CAA28 /* Debug */,
				EFC914BF2CC87869001CAA28 /* Release */,
			);
			defaultConfigurationIsVisible = 0;
			defaultConfigurationName = Release;
		};
		EFC914C02CC87869001CAA28 /* Build configuration list for PBXNativeTarget "NSyncUITests" */ = {
			isa = XCConfigurationList;
			buildConfigurations = (
				EFC914C12CC87869001CAA28 /* Debug */,
				EFC914C22CC87869001CAA28 /* Release */,
			);
			defaultConfigurationIsVisible = 0;
			defaultConfigurationName = Release;
		};
/* End XCConfigurationList section */

/* Begin XCRemoteSwiftPackageReference section */
		EF767CAD2CD3640400019BE2 /* XCRemoteSwiftPackageReference "AudioKit" */ = {
			isa = XCRemoteSwiftPackageReference;
			repositoryURL = "https://github.com/AudioKit/AudioKit";
			requirement = {
				kind = upToNextMajorVersion;
				minimumVersion = 5.6.4;
			};
		};
		EF767CB22CD3CDB100019BE2 /* XCRemoteSwiftPackageReference "AudioKitEX" */ = {
			isa = XCRemoteSwiftPackageReference;
			repositoryURL = "https://github.com/AudioKit/AudioKitEX.git";
			requirement = {
				kind = upToNextMajorVersion;
				minimumVersion = 5.6.0;
			};
		};
		EF767CB52CD3CFF700019BE2 /* XCRemoteSwiftPackageReference "SoundpipeAudioKit" */ = {
			isa = XCRemoteSwiftPackageReference;
			repositoryURL = "https://github.com/AudioKit/SoundpipeAudioKit.git";
			requirement = {
				kind = upToNextMajorVersion;
				minimumVersion = 5.6.1;
			};
		};
/* End XCRemoteSwiftPackageReference section */

/* Begin XCSwiftPackageProductDependency section */
		EF767CAE2CD364AD00019BE2 /* AudioKit */ = {
			isa = XCSwiftPackageProductDependency;
			productName = AudioKit;
		};
		EF767CB02CD364E000019BE2 /* AudioKit */ = {
			isa = XCSwiftPackageProductDependency;
			productName = AudioKit;
		};
		EF767CB32CD3CDB100019BE2 /* AudioKitEX */ = {
			isa = XCSwiftPackageProductDependency;
			package = EF767CB22CD3CDB100019BE2 /* XCRemoteSwiftPackageReference "AudioKitEX" */;
			productName = AudioKitEX;
		};
		EF767CB62CD3CFF700019BE2 /* SoundpipeAudioKit */ = {
			isa = XCSwiftPackageProductDependency;
			package = EF767CB52CD3CFF700019BE2 /* XCRemoteSwiftPackageReference "SoundpipeAudioKit" */;
			productName = SoundpipeAudioKit;
		};
/* End XCSwiftPackageProductDependency section */
	};
	rootObject = EFC9148E2CC87868001CAA28 /* Project object */;
}
